
Microsoft Visual Studio Solution File, Format Version 12.00
# Visual Studio Version 17
VisualStudioVersion = 17.14.36429.23 d17.14
MinimumVisualStudioVersion = 10.0.40219.1
Project("{FAE04EC0-301F-11D3-BF4B-00C04F79EFBC}") = "Ciclos While", "Ciclos While\Ciclos While.csproj", "{D54BA617-2722-4CE7-B2F5-DBFA1420677A}"
EndProject
Global
	GlobalSection(SolutionConfigurationPlatforms) = preSolution
		Debug|Any CPU = Debug|Any CPU
		Release|Any CPU = Release|Any CPU
	EndGlobalSection
	GlobalSection(ProjectConfigurationPlatforms) = postSolution
		{D54BA617-2722-4CE7-B2F5-DBFA1420677A}.Debug|Any CPU.ActiveCfg = Debug|Any CPU
		{D54BA617-2722-4CE7-B2F5-DBFA1420677A}.Debug|Any CPU.Build.0 = Debug|Any CPU
		{D54BA617-2722-4CE7-B2F5-DBFA1420677A}.Release|Any CPU.ActiveCfg = Release|Any CPU
		{D54BA617-2722-4CE7-B2F5-DBFA1420677A}.Release|Any CPU.Build.0 = Release|Any CPU
	EndGlobalSection
	GlobalSection(SolutionProperties) = preSolution
		HideSolutionNode = FALSE
	EndGlobalSection
	GlobalSection(ExtensibilityGlobals) = postSolution
		SolutionGuid = {B7693D8D-910F-4797-88EB-F655F77FFC92}
	EndGlobalSection
EndGlobal
