
Microsoft Visual Studio Solution File, Format Version 12.00
# Visual Studio Version 17
VisualStudioVersion = 17.14.36429.23 d17.14
MinimumVisualStudioVersion = 10.0.40219.1
Project("{FAE04EC0-301F-11D3-BF4B-00C04F79EFBC}") = "videos del 17 al 26 con LINQ", "videos del 17 al 26 con LINQ.csproj", "{9160E4F1-B813-B64B-FFD6-AF2CF64CAB88}"
EndProject
Global
	GlobalSection(SolutionConfigurationPlatforms) = preSolution
		Debug|Any CPU = Debug|Any CPU
		Release|Any CPU = Release|Any CPU
	EndGlobalSection
	GlobalSection(ProjectConfigurationPlatforms) = postSolution
		{9160E4F1-B813-B64B-FFD6-AF2CF64CAB88}.Debug|Any CPU.ActiveCfg = Debug|Any CPU
		{9160E4F1-B813-B64B-FFD6-AF2CF64CAB88}.Debug|Any CPU.Build.0 = Debug|Any CPU
		{9160E4F1-B813-B64B-FFD6-AF2CF64CAB88}.Release|Any CPU.ActiveCfg = Release|Any CPU
		{9160E4F1-B813-B64B-FFD6-AF2CF64CAB88}.Release|Any CPU.Build.0 = Release|Any CPU
	EndGlobalSection
	GlobalSection(SolutionProperties) = preSolution
		HideSolutionNode = FALSE
	EndGlobalSection
	GlobalSection(ExtensibilityGlobals) = postSolution
		SolutionGuid = {765D17AA-AB0A-4EA0-B857-095C22A42A08}
	EndGlobalSection
EndGlobal
